{
  "requires": true,
  "lockfileVersion": 1,
  "dependencies": {
    "acorn-private-class-elements": {
      "version": "1.0.0",
      "resolved": "https://registry.npmjs.org/acorn-private-class-elements/-/acorn-private-class-elements-1.0.0.tgz",
      "integrity": "sha512-zYNcZtxKgVCg1brS39BEou86mIao1EV7eeREG+6WMwKbuYTeivRRs6S2XdWnboRde6G9wKh2w+WBydEyJsJ6mg=="
    }
  }
}
